
Microsoft Visual Studio Solution File, Format Version 12.00
# Visual Studio Version 17
VisualStudioVersion = 17.0.31903.59
MinimumVisualStudioVersion = 10.0.40219.1
Project("{FAE04EC0-301F-11D3-BF4B-00C04F79EFBC}") = "UserManage.API", "UserManage.API\UserManage.API.csproj", "{DE5E68A5-8672-48B9-8C9E-EC096D1AEC98}"
EndProject
Project("{FAE04EC0-301F-11D3-BF4B-00C04F79EFBC}") = "UserManange.Services", "UserManange.Services\UserManange.Services.csproj", "{01E29F6C-5529-4F5E-93C2-4530E49C90DD}"
EndProject
Global
	GlobalSection(SolutionConfigurationPlatforms) = preSolution
		Debug|Any CPU = Debug|Any CPU
		Release|Any CPU = Release|Any CPU
	EndGlobalSection
	GlobalSection(SolutionProperties) = preSolution
		HideSolutionNode = FALSE
	EndGlobalSection
	GlobalSection(ProjectConfigurationPlatforms) = postSolution
		{DE5E68A5-8672-48B9-8C9E-EC096D1AEC98}.Debug|Any CPU.ActiveCfg = Debug|Any CPU
		{DE5E68A5-8672-48B9-8C9E-EC096D1AEC98}.Debug|Any CPU.Build.0 = Debug|Any CPU
		{DE5E68A5-8672-48B9-8C9E-EC096D1AEC98}.Release|Any CPU.ActiveCfg = Release|Any CPU
		{DE5E68A5-8672-48B9-8C9E-EC096D1AEC98}.Release|Any CPU.Build.0 = Release|Any CPU
		{01E29F6C-5529-4F5E-93C2-4530E49C90DD}.Debug|Any CPU.ActiveCfg = Debug|Any CPU
		{01E29F6C-5529-4F5E-93C2-4530E49C90DD}.Debug|Any CPU.Build.0 = Debug|Any CPU
		{01E29F6C-5529-4F5E-93C2-4530E49C90DD}.Release|Any CPU.ActiveCfg = Release|Any CPU
		{01E29F6C-5529-4F5E-93C2-4530E49C90DD}.Release|Any CPU.Build.0 = Release|Any CPU
	EndGlobalSection
EndGlobal
