
Microsoft Visual Studio Solution File, Format Version 12.00
# Visual Studio Version 17
VisualStudioVersion = 17.5.002.0
MinimumVisualStudioVersion = 10.0.40219.1
Project("{9A19103F-16F7-4668-BE54-9A1E7A4F7556}") = "User.Manage.API", "User.Manage.API\User.Manage.API.csproj", "{DDC24E57-F2BE-4B79-BA1C-E64C8B1F5A86}"
EndProject
Project("{9A19103F-16F7-4668-BE54-9A1E7A4F7556}") = "User.Manage.Services", "User.Manage.Services\User.Manage.Services.csproj", "{C48A43EC-FE0F-4D22-ABEE-1ADC8476424B}"
EndProject
Global
	GlobalSection(SolutionConfigurationPlatforms) = preSolution
		Debug|Any CPU = Debug|Any CPU
		Release|Any CPU = Release|Any CPU
	EndGlobalSection
	GlobalSection(ProjectConfigurationPlatforms) = postSolution
		{DDC24E57-F2BE-4B79-BA1C-E64C8B1F5A86}.Debug|Any CPU.ActiveCfg = Debug|Any CPU
		{DDC24E57-F2BE-4B79-BA1C-E64C8B1F5A86}.Debug|Any CPU.Build.0 = Debug|Any CPU
		{DDC24E57-F2BE-4B79-BA1C-E64C8B1F5A86}.Release|Any CPU.ActiveCfg = Release|Any CPU
		{DDC24E57-F2BE-4B79-BA1C-E64C8B1F5A86}.Release|Any CPU.Build.0 = Release|Any CPU
		{C48A43EC-FE0F-4D22-ABEE-1ADC8476424B}.Debug|Any CPU.ActiveCfg = Debug|Any CPU
		{C48A43EC-FE0F-4D22-ABEE-1ADC8476424B}.Debug|Any CPU.Build.0 = Debug|Any CPU
		{C48A43EC-FE0F-4D22-ABEE-1ADC8476424B}.Release|Any CPU.ActiveCfg = Release|Any CPU
		{C48A43EC-FE0F-4D22-ABEE-1ADC8476424B}.Release|Any CPU.Build.0 = Release|Any CPU
	EndGlobalSection
	GlobalSection(SolutionProperties) = preSolution
		HideSolutionNode = FALSE
	EndGlobalSection
	GlobalSection(ExtensibilityGlobals) = postSolution
		SolutionGuid = {2612AE29-1CE7-41BB-9655-B3698EC7C7B7}
	EndGlobalSection
EndGlobal
